<?xml version="1.0" encoding="utf-8"?>
<Project ToolsVersion="17.0" xmlns="http://schemas.microsoft.com/developer/msbuild/2003">
  <ItemGroup>
    <ClCompile Include="C:\Program Files\Librairie_développement_images\FlappyBird\FlappyBird.cpp">
      <Filter>Source Files</Filter>
    </ClCompile>
  </ItemGroup>
  <ItemGroup>
    <CustomBuild Include="C:\Program Files\Librairie_développement_images\FlappyBird\CMakeLists.txt" />
  </ItemGroup>
  <ItemGroup>
    <Filter Include="Source Files">
      <UniqueIdentifier>{5C54A2E1-D939-3681-AC3D-8AC9210D0EDF}</UniqueIdentifier>
    </Filter>
  </ItemGroup>
</Project>
